
Microsoft Visual Studio Solution File, Format Version 12.00
# Visual Studio 2015
Project("{FAE04EC0-301F-11D3-BF4B-00C04F79EFBC}") = "NinjaRun", "NinjaRun.csproj", "{84D713EA-214A-8B2C-8A59-AE7C64981054}"
EndProject
Global
	GlobalSection(SolutionConfigurationPlatforms) = preSolution
		Debug|Any CPU = Debug|Any CPU
		Release|Any CPU = Release|Any CPU
	EndGlobalSection
	GlobalSection(ProjectConfigurationPlatforms) = postSolution
		{84D713EA-214A-8B2C-8A59-AE7C64981054}.Debug|Any CPU.ActiveCfg = Debug|Any CPU
		{84D713EA-214A-8B2C-8A59-AE7C64981054}.Debug|Any CPU.Build.0 = Debug|Any CPU
		{84D713EA-214A-8B2C-8A59-AE7C64981054}.Release|Any CPU.ActiveCfg = Release|Any CPU
		{84D713EA-214A-8B2C-8A59-AE7C64981054}.Release|Any CPU.Build.0 = Release|Any CPU
	EndGlobalSection
	GlobalSection(SolutionProperties) = preSolution
		HideSolutionNode = FALSE
	EndGlobalSection
EndGlobal
